
Microsoft Visual Studio Solution File, Format Version 12.00
# Visual Studio Version 16
VisualStudioVersion = 16.0.32510.428
MinimumVisualStudioVersion = 10.0.40219.1
Project("{9A19103F-16F7-4668-BE54-9A1E7A4F7556}") = "CampIntro", "CampIntro\CampIntro.csproj", "{C7890841-C136-4623-8DD4-EBD443DB40F4}"
EndProject
Project("{9A19103F-16F7-4668-BE54-9A1E7A4F7556}") = "Loops", "Loops\Loops.csproj", "{6BEB9FA5-4C4A-4EB7-B3E6-4E9733371487}"
EndProject
Project("{9A19103F-16F7-4668-BE54-9A1E7A4F7556}") = "ClassIntro", "ClassIntro\ClassIntro.csproj", "{DC9F956C-1799-4924-BE0E-4A18C12E37E1}"
EndProject
Project("{9A19103F-16F7-4668-BE54-9A1E7A4F7556}") = "C_Ternary_Coalescing_operators", "C_Ternary_Coalescing_operators\C_Ternary_Coalescing_operators.csproj", "{3B8DCF1E-E267-486C-8207-043AD711A58B}"
EndProject
Project("{9A19103F-16F7-4668-BE54-9A1E7A4F7556}") = "SwitchCase", "SwitchCase\SwitchCase.csproj", "{7DAA86F3-C883-4F0D-906B-9E87318AEBEA}"
EndProject
Project("{9A19103F-16F7-4668-BE54-9A1E7A4F7556}") = "WhileLoops", "WhileLoops\WhileLoops.csproj", "{797407ED-62BD-4AB6-98C7-11CE19B03EAF}"
EndProject
Project("{9A19103F-16F7-4668-BE54-9A1E7A4F7556}") = "Methods", "Methods\Methods.csproj", "{177FC0B5-3575-4DB8-9B50-FD5BB7B6B55C}"
EndProject
Project("{9A19103F-16F7-4668-BE54-9A1E7A4F7556}") = "ValueAndReferenceTypes", "ValueAndReferenceTypes\ValueAndReferenceTypes.csproj", "{87076825-ED45-46AC-8447-A2DB245F6FC0}"
EndProject
Project("{9A19103F-16F7-4668-BE54-9A1E7A4F7556}") = "ClassMethodsDemo", "ClassMethodsDemo\ClassMethodsDemo.csproj", "{C160A439-2479-4968-B78A-4DD5A942ADBF}"
EndProject
Project("{9A19103F-16F7-4668-BE54-9A1E7A4F7556}") = "OOP1", "OOP1\OOP1.csproj", "{CEEEB16E-04A5-43D7-982E-8B89517A53BF}"
EndProject
Project("{9A19103F-16F7-4668-BE54-9A1E7A4F7556}") = "Collections", "Collections\Collections.csproj", "{BD15FF70-E620-4946-96F6-73BA88D2212A}"
EndProject
Project("{9A19103F-16F7-4668-BE54-9A1E7A4F7556}") = "GenericsIntro", "GenericsIntro\GenericsIntro.csproj", "{9CD4D728-8F6B-4331-AFD0-FC50B9CC5A97}"
EndProject
Project("{9A19103F-16F7-4668-BE54-9A1E7A4F7556}") = "Constructors", "Constructors\Constructors.csproj", "{69DCCBB9-5965-4E39-B90B-6198FA7EF598}"
EndProject
Project("{FAE04EC0-301F-11D3-BF4B-00C04F79EFBC}") = "OOP2", "OOP2\OOP2.csproj", "{BA73EA5C-D411-4619-87B6-A6742808A917}"
EndProject
Project("{FAE04EC0-301F-11D3-BF4B-00C04F79EFBC}") = "OOP3", "OOP3\OOP3.csproj", "{928D047A-CB1F-44E5-9387-ACBDCD48BA4C}"
EndProject
Global
	GlobalSection(SolutionConfigurationPlatforms) = preSolution
		Debug|Any CPU = Debug|Any CPU
		Release|Any CPU = Release|Any CPU
	EndGlobalSection
	GlobalSection(ProjectConfigurationPlatforms) = postSolution
		{C7890841-C136-4623-8DD4-EBD443DB40F4}.Debug|Any CPU.ActiveCfg = Debug|Any CPU
		{C7890841-C136-4623-8DD4-EBD443DB40F4}.Debug|Any CPU.Build.0 = Debug|Any CPU
		{C7890841-C136-4623-8DD4-EBD443DB40F4}.Release|Any CPU.ActiveCfg = Release|Any CPU
		{C7890841-C136-4623-8DD4-EBD443DB40F4}.Release|Any CPU.Build.0 = Release|Any CPU
		{6BEB9FA5-4C4A-4EB7-B3E6-4E9733371487}.Debug|Any CPU.ActiveCfg = Debug|Any CPU
		{6BEB9FA5-4C4A-4EB7-B3E6-4E9733371487}.Debug|Any CPU.Build.0 = Debug|Any CPU
		{6BEB9FA5-4C4A-4EB7-B3E6-4E9733371487}.Release|Any CPU.ActiveCfg = Release|Any CPU
		{6BEB9FA5-4C4A-4EB7-B3E6-4E9733371487}.Release|Any CPU.Build.0 = Release|Any CPU
		{DC9F956C-1799-4924-BE0E-4A18C12E37E1}.Debug|Any CPU.ActiveCfg = Debug|Any CPU
		{DC9F956C-1799-4924-BE0E-4A18C12E37E1}.Debug|Any CPU.Build.0 = Debug|Any CPU
		{DC9F956C-1799-4924-BE0E-4A18C12E37E1}.Release|Any CPU.ActiveCfg = Release|Any CPU
		{DC9F956C-1799-4924-BE0E-4A18C12E37E1}.Release|Any CPU.Build.0 = Release|Any CPU
		{3B8DCF1E-E267-486C-8207-043AD711A58B}.Debug|Any CPU.ActiveCfg = Debug|Any CPU
		{3B8DCF1E-E267-486C-8207-043AD711A58B}.Debug|Any CPU.Build.0 = Debug|Any CPU
		{3B8DCF1E-E267-486C-8207-043AD711A58B}.Release|Any CPU.ActiveCfg = Release|Any CPU
		{3B8DCF1E-E267-486C-8207-043AD711A58B}.Release|Any CPU.Build.0 = Release|Any CPU
		{7DAA86F3-C883-4F0D-906B-9E87318AEBEA}.Debug|Any CPU.ActiveCfg = Debug|Any CPU
		{7DAA86F3-C883-4F0D-906B-9E87318AEBEA}.Debug|Any CPU.Build.0 = Debug|Any CPU
		{7DAA86F3-C883-4F0D-906B-9E87318AEBEA}.Release|Any CPU.ActiveCfg = Release|Any CPU
		{7DAA86F3-C883-4F0D-906B-9E87318AEBEA}.Release|Any CPU.Build.0 = Release|Any CPU
		{797407ED-62BD-4AB6-98C7-11CE19B03EAF}.Debug|Any CPU.ActiveCfg = Debug|Any CPU
		{797407ED-62BD-4AB6-98C7-11CE19B03EAF}.Debug|Any CPU.Build.0 = Debug|Any CPU
		{797407ED-62BD-4AB6-98C7-11CE19B03EAF}.Release|Any CPU.ActiveCfg = Release|Any CPU
		{797407ED-62BD-4AB6-98C7-11CE19B03EAF}.Release|Any CPU.Build.0 = Release|Any CPU
		{177FC0B5-3575-4DB8-9B50-FD5BB7B6B55C}.Debug|Any CPU.ActiveCfg = Debug|Any CPU
		{177FC0B5-3575-4DB8-9B50-FD5BB7B6B55C}.Debug|Any CPU.Build.0 = Debug|Any CPU
		{177FC0B5-3575-4DB8-9B50-FD5BB7B6B55C}.Release|Any CPU.ActiveCfg = Release|Any CPU
		{177FC0B5-3575-4DB8-9B50-FD5BB7B6B55C}.Release|Any CPU.Build.0 = Release|Any CPU
		{87076825-ED45-46AC-8447-A2DB245F6FC0}.Debug|Any CPU.ActiveCfg = Debug|Any CPU
		{87076825-ED45-46AC-8447-A2DB245F6FC0}.Debug|Any CPU.Build.0 = Debug|Any CPU
		{87076825-ED45-46AC-8447-A2DB245F6FC0}.Release|Any CPU.ActiveCfg = Release|Any CPU
		{87076825-ED45-46AC-8447-A2DB245F6FC0}.Release|Any CPU.Build.0 = Release|Any CPU
		{C160A439-2479-4968-B78A-4DD5A942ADBF}.Debug|Any CPU.ActiveCfg = Debug|Any CPU
		{C160A439-2479-4968-B78A-4DD5A942ADBF}.Debug|Any CPU.Build.0 = Debug|Any CPU
		{C160A439-2479-4968-B78A-4DD5A942ADBF}.Release|Any CPU.ActiveCfg = Release|Any CPU
		{C160A439-2479-4968-B78A-4DD5A942ADBF}.Release|Any CPU.Build.0 = Release|Any CPU
		{CEEEB16E-04A5-43D7-982E-8B89517A53BF}.Debug|Any CPU.ActiveCfg = Debug|Any CPU
		{CEEEB16E-04A5-43D7-982E-8B89517A53BF}.Debug|Any CPU.Build.0 = Debug|Any CPU
		{CEEEB16E-04A5-43D7-982E-8B89517A53BF}.Release|Any CPU.ActiveCfg = Release|Any CPU
		{CEEEB16E-04A5-43D7-982E-8B89517A53BF}.Release|Any CPU.Build.0 = Release|Any CPU
		{BD15FF70-E620-4946-96F6-73BA88D2212A}.Debug|Any CPU.ActiveCfg = Debug|Any CPU
		{BD15FF70-E620-4946-96F6-73BA88D2212A}.Debug|Any CPU.Build.0 = Debug|Any CPU
		{BD15FF70-E620-4946-96F6-73BA88D2212A}.Release|Any CPU.ActiveCfg = Release|Any CPU
		{BD15FF70-E620-4946-96F6-73BA88D2212A}.Release|Any CPU.Build.0 = Release|Any CPU
		{9CD4D728-8F6B-4331-AFD0-FC50B9CC5A97}.Debug|Any CPU.ActiveCfg = Debug|Any CPU
		{9CD4D728-8F6B-4331-AFD0-FC50B9CC5A97}.Debug|Any CPU.Build.0 = Debug|Any CPU
		{9CD4D728-8F6B-4331-AFD0-FC50B9CC5A97}.Release|Any CPU.ActiveCfg = Release|Any CPU
		{9CD4D728-8F6B-4331-AFD0-FC50B9CC5A97}.Release|Any CPU.Build.0 = Release|Any CPU
		{69DCCBB9-5965-4E39-B90B-6198FA7EF598}.Debug|Any CPU.ActiveCfg = Debug|Any CPU
		{69DCCBB9-5965-4E39-B90B-6198FA7EF598}.Debug|Any CPU.Build.0 = Debug|Any CPU
		{69DCCBB9-5965-4E39-B90B-6198FA7EF598}.Release|Any CPU.ActiveCfg = Release|Any CPU
		{69DCCBB9-5965-4E39-B90B-6198FA7EF598}.Release|Any CPU.Build.0 = Release|Any CPU
		{BA73EA5C-D411-4619-87B6-A6742808A917}.Debug|Any CPU.ActiveCfg = Debug|Any CPU
		{BA73EA5C-D411-4619-87B6-A6742808A917}.Debug|Any CPU.Build.0 = Debug|Any CPU
		{BA73EA5C-D411-4619-87B6-A6742808A917}.Release|Any CPU.ActiveCfg = Release|Any CPU
		{BA73EA5C-D411-4619-87B6-A6742808A917}.Release|Any CPU.Build.0 = Release|Any CPU
		{928D047A-CB1F-44E5-9387-ACBDCD48BA4C}.Debug|Any CPU.ActiveCfg = Debug|Any CPU
		{928D047A-CB1F-44E5-9387-ACBDCD48BA4C}.Debug|Any CPU.Build.0 = Debug|Any CPU
		{928D047A-CB1F-44E5-9387-ACBDCD48BA4C}.Release|Any CPU.ActiveCfg = Release|Any CPU
		{928D047A-CB1F-44E5-9387-ACBDCD48BA4C}.Release|Any CPU.Build.0 = Release|Any CPU
	EndGlobalSection
	GlobalSection(SolutionProperties) = preSolution
		HideSolutionNode = FALSE
	EndGlobalSection
	GlobalSection(ExtensibilityGlobals) = postSolution
		SolutionGuid = {9A315E5C-7258-4394-A681-53E530D5320A}
	EndGlobalSection
EndGlobal
